
Microsoft Visual Studio Solution File, Format Version 12.00
# Visual Studio 15
VisualStudioVersion = 15.0.28010.2026
MinimumVisualStudioVersion = 10.0.40219.1
Project("{FAE04EC0-301F-11D3-BF4B-00C04F79EFBC}") = "CSharpMethod", "CSharpMethod\CSharpMethod.csproj", "{029126D8-EA7E-44BC-BE9A-D3C6E34FE825}"
EndProject
Global
	GlobalSection(SolutionConfigurationPlatforms) = preSolution
		Debug|Any CPU = Debug|Any CPU
		Release|Any CPU = Release|Any CPU
	EndGlobalSection
	GlobalSection(ProjectConfigurationPlatforms) = postSolution
		{029126D8-EA7E-44BC-BE9A-D3C6E34FE825}.Debug|Any CPU.ActiveCfg = Debug|Any CPU
		{029126D8-EA7E-44BC-BE9A-D3C6E34FE825}.Debug|Any CPU.Build.0 = Debug|Any CPU
		{029126D8-EA7E-44BC-BE9A-D3C6E34FE825}.Release|Any CPU.ActiveCfg = Release|Any CPU
		{029126D8-EA7E-44BC-BE9A-D3C6E34FE825}.Release|Any CPU.Build.0 = Release|Any CPU
	EndGlobalSection
	GlobalSection(SolutionProperties) = preSolution
		HideSolutionNode = FALSE
	EndGlobalSection
	GlobalSection(ExtensibilityGlobals) = postSolution
		SolutionGuid = {7EB19547-A983-4EE8-BE98-356E92E7C8C5}
	EndGlobalSection
EndGlobal
